# This file is automatically @generated by Cargo.
# It is not intended for manual editing.
[[package]]
name = "byte"
version = "0.2.7"
source = "registry+https://github.com/rust-lang/crates.io-index"
checksum = "21c7ab3e4ae80853c7f8dcdcd904dfa25c02cc373534b8d165194325a088a7cc"

[[package]]
name = "zigbee-cluster-library"
version = "0.1.0-alpha.2"
dependencies = [
 "byte",
]
